{
  "originHash" : "176c7024a4a10b60ed64ac9a57e5dcfc10b77a14d31cf42c43594927f6bfe081",
  "pins" : [
    {
      "identity" : "fluentui-apple",
      "kind" : "remoteSourceControl",
      "location" : "https://github.com/microsoft/fluentui-apple.git",
      "state" : {
        "revision" : "9aac0a6c361128d39ea9a872de177b9d4acc550c",
        "version" : "0.30.0"
      }
    }
  ],
  "version" : 3
}
