// !$*UTF8*$!
{
	archiveVersion = 1;
	classes = {
	};
	objectVersion = 56;
	objects = {

/* Begin PBXBuildFile section */
		8DEC3A932C13D0C0004D57B7 /* CollectSomeMoreApp.swift in Sources */ = {isa = PBXBuildFile; fileRef = 8DEC3A922C13D0C0004D57B7 /* CollectSomeMoreApp.swift */; };
		8DEC3A952C13D0C0004D57B7 /* ContentView.swift in Sources */ = {isa = PBXBuildFile; fileRef = 8DEC3A942C13D0C0004D57B7 /* ContentView.swift */; };
		8DEC3A972C13D0C0004D57B7 /* GamesAndThings.swift in Sources */ = {isa = PBXBuildFile; fileRef = 8DEC3A962C13D0C0004D57B7 /* GamesAndThings.swift */; };
		8DEC3A992C13D0C1004D57B7 /* Assets.xcassets in Resources */ = {isa = PBXBuildFile; fileRef = 8DEC3A982C13D0C1004D57B7 /* Assets.xcassets */; };
		8DEC3A9C2C13D0C1004D57B7 /* Preview Assets.xcassets in Resources */ = {isa = PBXBuildFile; fileRef = 8DEC3A9B2C13D0C1004D57B7 /* Preview Assets.xcassets */; };
		8DEC3AA62C13D0C1004D57B7 /* CollectSomeMoreTests.swift in Sources */ = {isa = PBXBuildFile; fileRef = 8DEC3AA52C13D0C1004D57B7 /* CollectSomeMoreTests.swift */; };
		8DEC3AB02C13D0C1004D57B7 /* CollectSomeMoreUITests.swift in Sources */ = {isa = PBXBuildFile; fileRef = 8DEC3AAF2C13D0C1004D57B7 /* CollectSomeMoreUITests.swift */; };
		8DEC3AB22C13D0C1004D57B7 /* CollectSomeMoreUITestsLaunchTests.swift in Sources */ = {isa = PBXBuildFile; fileRef = 8DEC3AB12C13D0C1004D57B7 /* CollectSomeMoreUITestsLaunchTests.swift */; };
		8DEC3ABF2C13D397004D57B7 /* MovieData.swift in Sources */ = {isa = PBXBuildFile; fileRef = 8DEC3ABE2C13D397004D57B7 /* MovieData.swift */; };
		8DEC3AC12C13EE03004D57B7 /* MovieDetail.swift in Sources */ = {isa = PBXBuildFile; fileRef = 8DEC3AC02C13EE03004D57B7 /* MovieDetail.swift */; };
/* End PBXBuildFile section */

/* Begin PBXContainerItemProxy section */
		8DEC3AA22C13D0C1004D57B7 /* PBXContainerItemProxy */ = {
			isa = PBXContainerItemProxy;
			containerPortal = 8DEC3A872C13D0C0004D57B7 /* Project object */;
			proxyType = 1;
			remoteGlobalIDString = 8DEC3A8E2C13D0C0004D57B7;
			remoteInfo = CollectSomeMore;
		};
		8DEC3AAC2C13D0C1004D57B7 /* PBXContainerItemProxy */ = {
			isa = PBXContainerItemProxy;
			containerPortal = 8DEC3A872C13D0C0004D57B7 /* Project object */;
			proxyType = 1;
			remoteGlobalIDString = 8DEC3A8E2C13D0C0004D57B7;
			remoteInfo = CollectSomeMore;
		};
/* End PBXContainerItemProxy section */

/* Begin PBXFileReference section */
		8DEC3A8F2C13D0C0004D57B7 /* GamesAndThings.app */ = {isa = PBXFileReference; explicitFileType = wrapper.application; includeInIndex = 0; path = GamesAndThings.app; sourceTree = BUILT_PRODUCTS_DIR; };
		8DEC3A922C13D0C0004D57B7 /* CollectSomeMoreApp.swift */ = {isa = PBXFileReference; lastKnownFileType = sourcecode.swift; path = CollectSomeMoreApp.swift; sourceTree = "<group>"; };
		8DEC3A942C13D0C0004D57B7 /* ContentView.swift */ = {isa = PBXFileReference; lastKnownFileType = sourcecode.swift; path = ContentView.swift; sourceTree = "<group>"; };
		8DEC3A962C13D0C0004D57B7 /* GamesAndThings.swift */ = {isa = PBXFileReference; lastKnownFileType = sourcecode.swift; path = GamesAndThings.swift; sourceTree = "<group>"; };
		8DEC3A982C13D0C1004D57B7 /* Assets.xcassets */ = {isa = PBXFileReference; lastKnownFileType = folder.assetcatalog; path = Assets.xcassets; sourceTree = "<group>"; };
		8DEC3A9B2C13D0C1004D57B7 /* Preview Assets.xcassets */ = {isa = PBXFileReference; lastKnownFileType = folder.assetcatalog; path = "Preview Assets.xcassets"; sourceTree = "<group>"; };
		8DEC3AA12C13D0C1004D57B7 /* GamesAndThingsTests.xctest */ = {isa = PBXFileReference; explicitFileType = wrapper.cfbundle; includeInIndex = 0; path = GamesAndThingsTests.xctest; sourceTree = BUILT_PRODUCTS_DIR; };
		8DEC3AA52C13D0C1004D57B7 /* CollectSomeMoreTests.swift */ = {isa = PBXFileReference; lastKnownFileType = sourcecode.swift; path = CollectSomeMoreTests.swift; sourceTree = "<group>"; };
		8DEC3AAB2C13D0C1004D57B7 /* GamesAndThingsUITests.xctest */ = {isa = PBXFileReference; explicitFileType = wrapper.cfbundle; includeInIndex = 0; path = GamesAndThingsUITests.xctest; sourceTree = BUILT_PRODUCTS_DIR; };
		8DEC3AAF2C13D0C1004D57B7 /* CollectSomeMoreUITests.swift */ = {isa = PBXFileReference; lastKnownFileType = sourcecode.swift; path = CollectSomeMoreUITests.swift; sourceTree = "<group>"; };
		8DEC3AB12C13D0C1004D57B7 /* CollectSomeMoreUITestsLaunchTests.swift */ = {isa = PBXFileReference; lastKnownFileType = sourcecode.swift; path = CollectSomeMoreUITestsLaunchTests.swift; sourceTree = "<group>"; };
		8DEC3ABE2C13D397004D57B7 /* MovieData.swift */ = {isa = PBXFileReference; lastKnownFileType = sourcecode.swift; path = MovieData.swift; sourceTree = "<group>"; };
		8DEC3AC02C13EE03004D57B7 /* MovieDetail.swift */ = {isa = PBXFileReference; lastKnownFileType = sourcecode.swift; path = MovieDetail.swift; sourceTree = "<group>"; };
/* End PBXFileReference section */

/* Begin PBXFrameworksBuildPhase section */
		8DEC3A8C2C13D0C0004D57B7 /* Frameworks */ = {
			isa = PBXFrameworksBuildPhase;
			buildActionMask = 2147483647;
			files = (
			);
			runOnlyForDeploymentPostprocessing = 0;
		};
		8DEC3A9E2C13D0C1004D57B7 /* Frameworks */ = {
			isa = PBXFrameworksBuildPhase;
			buildActionMask = 2147483647;
			files = (
			);
			runOnlyForDeploymentPostprocessing = 0;
		};
		8DEC3AA82C13D0C1004D57B7 /* Frameworks */ = {
			isa = PBXFrameworksBuildPhase;
			buildActionMask = 2147483647;
			files = (
			);
			runOnlyForDeploymentPostprocessing = 0;
		};
/* End PBXFrameworksBuildPhase section */

/* Begin PBXGroup section */
		8DEC3A862C13D0C0004D57B7 = {
			isa = PBXGroup;
			children = (
				8DEC3A912C13D0C0004D57B7 /* CollectSomeMore */,
				8DEC3AA42C13D0C1004D57B7 /* CollectSomeMoreTests */,
				8DEC3AAE2C13D0C1004D57B7 /* CollectSomeMoreUITests */,
				8DEC3A902C13D0C0004D57B7 /* Products */,
			);
			sourceTree = "<group>";
		};
		8DEC3A902C13D0C0004D57B7 /* Products */ = {
			isa = PBXGroup;
			children = (
				8DEC3A8F2C13D0C0004D57B7 /* GamesAndThings.app */,
				8DEC3AA12C13D0C1004D57B7 /* GamesAndThingsTests.xctest */,
				8DEC3AAB2C13D0C1004D57B7 /* GamesAndThingsUITests.xctest */,
			);
			name = Products;
			sourceTree = "<group>";
		};
		8DEC3A912C13D0C0004D57B7 /* CollectSomeMore */ = {
			isa = PBXGroup;
			children = (
				8DEC3A922C13D0C0004D57B7 /* CollectSomeMoreApp.swift */,
				8DEC3A942C13D0C0004D57B7 /* ContentView.swift */,
				8DEC3ABE2C13D397004D57B7 /* MovieData.swift */,
				8DEC3AC02C13EE03004D57B7 /* MovieDetail.swift */,
				8DEC3A962C13D0C0004D57B7 /* GamesAndThings.swift */,
				8DEC3A982C13D0C1004D57B7 /* Assets.xcassets */,
				8DEC3A9A2C13D0C1004D57B7 /* Preview Content */,
			);
			path = CollectSomeMore;
			sourceTree = "<group>";
		};
		8DEC3A9A2C13D0C1004D57B7 /* Preview Content */ = {
			isa = PBXGroup;
			children = (
				8DEC3A9B2C13D0C1004D57B7 /* Preview Assets.xcassets */,
			);
			path = "Preview Content";
			sourceTree = "<group>";
		};
		8DEC3AA42C13D0C1004D57B7 /* CollectSomeMoreTests */ = {
			isa = PBXGroup;
			children = (
				8DEC3AA52C13D0C1004D57B7 /* CollectSomeMoreTests.swift */,
			);
			path = CollectSomeMoreTests;
			sourceTree = "<group>";
		};
		8DEC3AAE2C13D0C1004D57B7 /* CollectSomeMoreUITests */ = {
			isa = PBXGroup;
			children = (
				8DEC3AAF2C13D0C1004D57B7 /* CollectSomeMoreUITests.swift */,
				8DEC3AB12C13D0C1004D57B7 /* CollectSomeMoreUITestsLaunchTests.swift */,
			);
			path = CollectSomeMoreUITests;
			sourceTree = "<group>";
		};
/* End PBXGroup section */

/* Begin PBXNativeTarget section */
		8DEC3A8E2C13D0C0004D57B7 /* GamesAndThings */ = {
			isa = PBXNativeTarget;
			buildConfigurationList = 8DEC3AB52C13D0C1004D57B7 /* Build configuration list for PBXNativeTarget "GamesAndThings" */;
			buildPhases = (
				8DEC3A8B2C13D0C0004D57B7 /* Sources */,
				8DEC3A8C2C13D0C0004D57B7 /* Frameworks */,
				8DEC3A8D2C13D0C0004D57B7 /* Resources */,
			);
			buildRules = (
			);
			dependencies = (
			);
			name = GamesAndThings;
			productName = CollectSomeMore;
			productReference = 8DEC3A8F2C13D0C0004D57B7 /* GamesAndThings.app */;
			productType = "com.apple.product-type.application";
		};
		8DEC3AA02C13D0C1004D57B7 /* GamesAndThingsTests */ = {
			isa = PBXNativeTarget;
			buildConfigurationList = 8DEC3AB82C13D0C1004D57B7 /* Build configuration list for PBXNativeTarget "GamesAndThingsTests" */;
			buildPhases = (
				8DEC3A9D2C13D0C1004D57B7 /* Sources */,
				8DEC3A9E2C13D0C1004D57B7 /* Frameworks */,
				8DEC3A9F2C13D0C1004D57B7 /* Resources */,
			);
			buildRules = (
			);
			dependencies = (
				8DEC3AA32C13D0C1004D57B7 /* PBXTargetDependency */,
			);
			name = GamesAndThingsTests;
			productName = CollectSomeMoreTests;
			productReference = 8DEC3AA12C13D0C1004D57B7 /* GamesAndThingsTests.xctest */;
			productType = "com.apple.product-type.bundle.unit-test";
		};
		8DEC3AAA2C13D0C1004D57B7 /* GamesAndThingsUITests */ = {
			isa = PBXNativeTarget;
			buildConfigurationList = 8DEC3ABB2C13D0C1004D57B7 /* Build configuration list for PBXNativeTarget "GamesAndThingsUITests" */;
			buildPhases = (
				8DEC3AA72C13D0C1004D57B7 /* Sources */,
				8DEC3AA82C13D0C1004D57B7 /* Frameworks */,
				8DEC3AA92C13D0C1004D57B7 /* Resources */,
			);
			buildRules = (
			);
			dependencies = (
				8DEC3AAD2C13D0C1004D57B7 /* PBXTargetDependency */,
			);
			name = GamesAndThingsUITests;
			productName = CollectSomeMoreUITests;
			productReference = 8DEC3AAB2C13D0C1004D57B7 /* GamesAndThingsUITests.xctest */;
			productType = "com.apple.product-type.bundle.ui-testing";
		};
/* End PBXNativeTarget section */

/* Begin PBXProject section */
		8DEC3A872C13D0C0004D57B7 /* Project object */ = {
			isa = PBXProject;
			attributes = {
				BuildIndependentTargetsInParallel = 1;
				LastSwiftUpdateCheck = 1540;
				LastUpgradeCheck = 1540;
				TargetAttributes = {
					8DEC3A8E2C13D0C0004D57B7 = {
						CreatedOnToolsVersion = 15.4;
					};
					8DEC3AA02C13D0C1004D57B7 = {
						CreatedOnToolsVersion = 15.4;
						TestTargetID = 8DEC3A8E2C13D0C0004D57B7;
					};
					8DEC3AAA2C13D0C1004D57B7 = {
						CreatedOnToolsVersion = 15.4;
						TestTargetID = 8DEC3A8E2C13D0C0004D57B7;
					};
				};
			};
			buildConfigurationList = 8DEC3A8A2C13D0C0004D57B7 /* Build configuration list for PBXProject "GamesAndThings" */;
			compatibilityVersion = "Xcode 14.0";
			developmentRegion = en;
			hasScannedForEncodings = 0;
			knownRegions = (
				en,
				Base,
			);
			mainGroup = 8DEC3A862C13D0C0004D57B7;
			productRefGroup = 8DEC3A902C13D0C0004D57B7 /* Products */;
			projectDirPath = "";
			projectRoot = "";
			targets = (
				8DEC3A8E2C13D0C0004D57B7 /* GamesAndThings */,
				8DEC3AA02C13D0C1004D57B7 /* GamesAndThingsTests */,
				8DEC3AAA2C13D0C1004D57B7 /* GamesAndThingsUITests */,
			);
		};
/* End PBXProject section */

/* Begin PBXResourcesBuildPhase section */
		8DEC3A8D2C13D0C0004D57B7 /* Resources */ = {
			isa = PBXResourcesBuildPhase;
			buildActionMask = 2147483647;
			files = (
				8DEC3A9C2C13D0C1004D57B7 /* Preview Assets.xcassets in Resources */,
				8DEC3A992C13D0C1004D57B7 /* Assets.xcassets in Resources */,
			);
			runOnlyForDeploymentPostprocessing = 0;
		};
		8DEC3A9F2C13D0C1004D57B7 /* Resources */ = {
			isa = PBXResourcesBuildPhase;
			buildActionMask = 2147483647;
			files = (
			);
			runOnlyForDeploymentPostprocessing = 0;
		};
		8DEC3AA92C13D0C1004D57B7 /* Resources */ = {
			isa = PBXResourcesBuildPhase;
			buildActionMask = 2147483647;
			files = (
			);
			runOnlyForDeploymentPostprocessing = 0;
		};
/* End PBXResourcesBuildPhase section */

/* Begin PBXSourcesBuildPhase section */
		8DEC3A8B2C13D0C0004D57B7 /* Sources */ = {
			isa = PBXSourcesBuildPhase;
			buildActionMask = 2147483647;
			files = (
				8DEC3A952C13D0C0004D57B7 /* ContentView.swift in Sources */,
				8DEC3A972C13D0C0004D57B7 /* GamesAndThings.swift in Sources */,
				8DEC3AC12C13EE03004D57B7 /* MovieDetail.swift in Sources */,
				8DEC3A932C13D0C0004D57B7 /* CollectSomeMoreApp.swift in Sources */,
				8DEC3ABF2C13D397004D57B7 /* MovieData.swift in Sources */,
			);
			runOnlyForDeploymentPostprocessing = 0;
		};
		8DEC3A9D2C13D0C1004D57B7 /* Sources */ = {
			isa = PBXSourcesBuildPhase;
			buildActionMask = 2147483647;
			files = (
				8DEC3AA62C13D0C1004D57B7 /* CollectSomeMoreTests.swift in Sources */,
			);
			runOnlyForDeploymentPostprocessing = 0;
		};
		8DEC3AA72C13D0C1004D57B7 /* Sources */ = {
			isa = PBXSourcesBuildPhase;
			buildActionMask = 2147483647;
			files = (
				8DEC3AB22C13D0C1004D57B7 /* CollectSomeMoreUITestsLaunchTests.swift in Sources */,
				8DEC3AB02C13D0C1004D57B7 /* CollectSomeMoreUITests.swift in Sources */,
			);
			runOnlyForDeploymentPostprocessing = 0;
		};
/* End PBXSourcesBuildPhase section */

/* Begin PBXTargetDependency section */
		8DEC3AA32C13D0C1004D57B7 /* PBXTargetDependency */ = {
			isa = PBXTargetDependency;
			target = 8DEC3A8E2C13D0C0004D57B7 /* GamesAndThings */;
			targetProxy = 8DEC3AA22C13D0C1004D57B7 /* PBXContainerItemProxy */;
		};
		8DEC3AAD2C13D0C1004D57B7 /* PBXTargetDependency */ = {
			isa = PBXTargetDependency;
			target = 8DEC3A8E2C13D0C0004D57B7 /* GamesAndThings */;
			targetProxy = 8DEC3AAC2C13D0C1004D57B7 /* PBXContainerItemProxy */;
		};
/* End PBXTargetDependency section */

/* Begin XCBuildConfiguration section */
		8DEC3AB32C13D0C1004D57B7 /* Debug */ = {
			isa = XCBuildConfiguration;
			buildSettings = {
				ALWAYS_SEARCH_USER_PATHS = NO;
				ASSETCATALOG_COMPILER_GENERATE_SWIFT_ASSET_SYMBOL_EXTENSIONS = YES;
				CLANG_ANALYZER_NONNULL = YES;
				CLANG_ANALYZER_NUMBER_OBJECT_CONVERSION = YES_AGGRESSIVE;
				CLANG_CXX_LANGUAGE_STANDARD = "gnu++20";
				CLANG_ENABLE_MODULES = YES;
				CLANG_ENABLE_OBJC_ARC = YES;
				CLANG_ENABLE_OBJC_WEAK = YES;
				CLANG_WARN_BLOCK_CAPTURE_AUTORELEASING = YES;
				CLANG_WARN_BOOL_CONVERSION = YES;
				CLANG_WARN_COMMA = YES;
				CLANG_WARN_CONSTANT_CONVERSION = YES;
				CLANG_WARN_DEPRECATED_OBJC_IMPLEMENTATIONS = YES;
				CLANG_WARN_DIRECT_OBJC_ISA_USAGE = YES_ERROR;
				CLANG_WARN_DOCUMENTATION_COMMENTS = YES;
				CLANG_WARN_EMPTY_BODY = YES;
				CLANG_WARN_ENUM_CONVERSION = YES;
				CLANG_WARN_INFINITE_RECURSION = YES;
				CLANG_WARN_INT_CONVERSION = YES;
				CLANG_WARN_NON_LITERAL_NULL_CONVERSION = YES;
				CLANG_WARN_OBJC_IMPLICIT_RETAIN_SELF = YES;
				CLANG_WARN_OBJC_LITERAL_CONVERSION = YES;
				CLANG_WARN_OBJC_ROOT_CLASS = YES_ERROR;
				CLANG_WARN_QUOTED_INCLUDE_IN_FRAMEWORK_HEADER = YES;
				CLANG_WARN_RANGE_LOOP_ANALYSIS = YES;
				CLANG_WARN_STRICT_PROTOTYPES = YES;
				CLANG_WARN_SUSPICIOUS_MOVE = YES;
				CLANG_WARN_UNGUARDED_AVAILABILITY = YES_AGGRESSIVE;
				CLANG_WARN_UNREACHABLE_CODE = YES;
				CLANG_WARN__DUPLICATE_METHOD_MATCH = YES;
				COPY_PHASE_STRIP = NO;
				DEBUG_INFORMATION_FORMAT = dwarf;
				ENABLE_STRICT_OBJC_MSGSEND = YES;
				ENABLE_TESTABILITY = YES;
				ENABLE_USER_SCRIPT_SANDBOXING = YES;
				GCC_C_LANGUAGE_STANDARD = gnu17;
				GCC_DYNAMIC_NO_PIC = NO;
				GCC_NO_COMMON_BLOCKS = YES;
				GCC_OPTIMIZATION_LEVEL = 0;
				GCC_PREPROCESSOR_DEFINITIONS = (
					"DEBUG=1",
					"$(inherited)",
				);
				GCC_WARN_64_TO_32_BIT_CONVERSION = YES;
				GCC_WARN_ABOUT_RETURN_TYPE = YES_ERROR;
				GCC_WARN_UNDECLARED_SELECTOR = YES;
				GCC_WARN_UNINITIALIZED_AUTOS = YES_AGGRESSIVE;
				GCC_WARN_UNUSED_FUNCTION = YES;
				GCC_WARN_UNUSED_VARIABLE = YES;
				IPHONEOS_DEPLOYMENT_TARGET = 17.5;
				LOCALIZATION_PREFERS_STRING_CATALOGS = YES;
				MTL_ENABLE_DEBUG_INFO = INCLUDE_SOURCE;
				MTL_FAST_MATH = YES;
				ONLY_ACTIVE_ARCH = YES;
				SDKROOT = iphoneos;
				SWIFT_ACTIVE_COMPILATION_CONDITIONS = "DEBUG $(inherited)";
				SWIFT_OPTIMIZATION_LEVEL = "-Onone";
			};
			name = Debug;
		};
		8DEC3AB42C13D0C1004D57B7 /* Release */ = {
			isa = XCBuildConfiguration;
			buildSettings = {
				ALWAYS_SEARCH_USER_PATHS = NO;
				ASSETCATALOG_COMPILER_GENERATE_SWIFT_ASSET_SYMBOL_EXTENSIONS = YES;
				CLANG_ANALYZER_NONNULL = YES;
				CLANG_ANALYZER_NUMBER_OBJECT_CONVERSION = YES_AGGRESSIVE;
				CLANG_CXX_LANGUAGE_STANDARD = "gnu++20";
				CLANG_ENABLE_MODULES = YES;
				CLANG_ENABLE_OBJC_ARC = YES;
				CLANG_ENABLE_OBJC_WEAK = YES;
				CLANG_WARN_BLOCK_CAPTURE_AUTORELEASING = YES;
				CLANG_WARN_BOOL_CONVERSION = YES;
				CLANG_WARN_COMMA = YES;
				CLANG_WARN_CONSTANT_CONVERSION = YES;
				CLANG_WARN_DEPRECATED_OBJC_IMPLEMENTATIONS = YES;
				CLANG_WARN_DIRECT_OBJC_ISA_USAGE = YES_ERROR;
				CLANG_WARN_DOCUMENTATION_COMMENTS = YES;
				CLANG_WARN_EMPTY_BODY = YES;
				CLANG_WARN_ENUM_CONVERSION = YES;
				CLANG_WARN_INFINITE_RECURSION = YES;
				CLANG_WARN_INT_CONVERSION = YES;
				CLANG_WARN_NON_LITERAL_NULL_CONVERSION = YES;
				CLANG_WARN_OBJC_IMPLICIT_RETAIN_SELF = YES;
				CLANG_WARN_OBJC_LITERAL_CONVERSION = YES;
				CLANG_WARN_OBJC_ROOT_CLASS = YES_ERROR;
				CLANG_WARN_QUOTED_INCLUDE_IN_FRAMEWORK_HEADER = YES;
				CLANG_WARN_RANGE_LOOP_ANALYSIS = YES;
				CLANG_WARN_STRICT_PROTOTYPES = YES;
				CLANG_WARN_SUSPICIOUS_MOVE = YES;
				CLANG_WARN_UNGUARDED_AVAILABILITY = YES_AGGRESSIVE;
				CLANG_WARN_UNREACHABLE_CODE = YES;
				CLANG_WARN__DUPLICATE_METHOD_MATCH = YES;
				COPY_PHASE_STRIP = NO;
				DEBUG_INFORMATION_FORMAT = "dwarf-with-dsym";
				ENABLE_NS_ASSERTIONS = NO;
				ENABLE_STRICT_OBJC_MSGSEND = YES;
				ENABLE_USER_SCRIPT_SANDBOXING = YES;
				GCC_C_LANGUAGE_STANDARD = gnu17;
				GCC_NO_COMMON_BLOCKS = YES;
				GCC_WARN_64_TO_32_BIT_CONVERSION = YES;
				GCC_WARN_ABOUT_RETURN_TYPE = YES_ERROR;
				GCC_WARN_UNDECLARED_SELECTOR = YES;
				GCC_WARN_UNINITIALIZED_AUTOS = YES_AGGRESSIVE;
				GCC_WARN_UNUSED_FUNCTION = YES;
				GCC_WARN_UNUSED_VARIABLE = YES;
				IPHONEOS_DEPLOYMENT_TARGET = 17.5;
				LOCALIZATION_PREFERS_STRING_CATALOGS = YES;
				MTL_ENABLE_DEBUG_INFO = NO;
				MTL_FAST_MATH = YES;
				SDKROOT = iphoneos;
				SWIFT_COMPILATION_MODE = wholemodule;
				VALIDATE_PRODUCT = YES;
			};
			name = Release;
		};
		8DEC3AB62C13D0C1004D57B7 /* Debug */ = {
			isa = XCBuildConfiguration;
			buildSettings = {
				ASSETCATALOG_COMPILER_APPICON_NAME = AppIcon;
				ASSETCATALOG_COMPILER_GLOBAL_ACCENT_COLOR_NAME = AccentColor;
				ASSETCATALOG_COMPILER_INCLUDE_ALL_APPICON_ASSETS = YES;
				CODE_SIGN_STYLE = Automatic;
				CURRENT_PROJECT_VERSION = 1;
				DEVELOPMENT_ASSET_PATHS = "\"CollectSomeMore/Preview Content\"";
				DEVELOPMENT_TEAM = J7D3ZTJ7SH;
				ENABLE_PREVIEWS = YES;
				GENERATE_INFOPLIST_FILE = YES;
				INFOPLIST_KEY_CFBundleDisplayName = CollectSomeMore;
				INFOPLIST_KEY_LSApplicationCategoryType = "public.app-category.utilities";
				INFOPLIST_KEY_UIApplicationSceneManifest_Generation = YES;
				INFOPLIST_KEY_UIApplicationSupportsIndirectInputEvents = YES;
				INFOPLIST_KEY_UILaunchScreen_Generation = YES;
				INFOPLIST_KEY_UISupportedInterfaceOrientations = UIInterfaceOrientationPortrait;
				INFOPLIST_KEY_UISupportedInterfaceOrientations_iPad = "UIInterfaceOrientationLandscapeLeft UIInterfaceOrientationLandscapeRight UIInterfaceOrientationPortrait";
				LD_RUNPATH_SEARCH_PATHS = (
					"$(inherited)",
					"@executable_path/Frameworks",
				);
				MARKETING_VERSION = 1.0;
				PRODUCT_BUNDLE_IDENTIFIER = Jolicoeur.CollectSomeMore;
				PRODUCT_NAME = "$(TARGET_NAME)";
				SUPPORTED_PLATFORMS = "iphoneos iphonesimulator";
				SUPPORTS_MACCATALYST = NO;
				SUPPORTS_MAC_DESIGNED_FOR_IPHONE_IPAD = NO;
				SUPPORTS_XR_DESIGNED_FOR_IPHONE_IPAD = NO;
				SWIFT_EMIT_LOC_STRINGS = YES;
				SWIFT_VERSION = 5.0;
				TARGETED_DEVICE_FAMILY = 1;
			};
			name = Debug;
		};
		8DEC3AB72C13D0C1004D57B7 /* Release */ = {
			isa = XCBuildConfiguration;
			buildSettings = {
				ASSETCATALOG_COMPILER_APPICON_NAME = AppIcon;
				ASSETCATALOG_COMPILER_GLOBAL_ACCENT_COLOR_NAME = AccentColor;
				ASSETCATALOG_COMPILER_INCLUDE_ALL_APPICON_ASSETS = YES;
				CODE_SIGN_STYLE = Automatic;
				CURRENT_PROJECT_VERSION = 1;
				DEVELOPMENT_ASSET_PATHS = "\"CollectSomeMore/Preview Content\"";
				DEVELOPMENT_TEAM = J7D3ZTJ7SH;
				ENABLE_PREVIEWS = YES;
				GENERATE_INFOPLIST_FILE = YES;
				INFOPLIST_KEY_CFBundleDisplayName = CollectSomeMore;
				INFOPLIST_KEY_LSApplicationCategoryType = "public.app-category.utilities";
				INFOPLIST_KEY_UIApplicationSceneManifest_Generation = YES;
				INFOPLIST_KEY_UIApplicationSupportsIndirectInputEvents = YES;
				INFOPLIST_KEY_UILaunchScreen_Generation = YES;
				INFOPLIST_KEY_UISupportedInterfaceOrientations = UIInterfaceOrientationPortrait;
				INFOPLIST_KEY_UISupportedInterfaceOrientations_iPad = "UIInterfaceOrientationLandscapeLeft UIInterfaceOrientationLandscapeRight UIInterfaceOrientationPortrait";
				LD_RUNPATH_SEARCH_PATHS = (
					"$(inherited)",
					"@executable_path/Frameworks",
				);
				MARKETING_VERSION = 1.0;
				PRODUCT_BUNDLE_IDENTIFIER = Jolicoeur.CollectSomeMore;
				PRODUCT_NAME = "$(TARGET_NAME)";
				SUPPORTED_PLATFORMS = "iphoneos iphonesimulator";
				SUPPORTS_MACCATALYST = NO;
				SUPPORTS_MAC_DESIGNED_FOR_IPHONE_IPAD = NO;
				SUPPORTS_XR_DESIGNED_FOR_IPHONE_IPAD = NO;
				SWIFT_EMIT_LOC_STRINGS = YES;
				SWIFT_VERSION = 5.0;
				TARGETED_DEVICE_FAMILY = 1;
			};
			name = Release;
		};
		8DEC3AB92C13D0C1004D57B7 /* Debug */ = {
			isa = XCBuildConfiguration;
			buildSettings = {
				ALWAYS_EMBED_SWIFT_STANDARD_LIBRARIES = YES;
				BUNDLE_LOADER = "$(TEST_HOST)";
				CODE_SIGN_STYLE = Automatic;
				CURRENT_PROJECT_VERSION = 1;
				DEVELOPMENT_TEAM = J7D3ZTJ7SH;
				GENERATE_INFOPLIST_FILE = YES;
				IPHONEOS_DEPLOYMENT_TARGET = 17.5;
				MARKETING_VERSION = 1.0;
				PRODUCT_BUNDLE_IDENTIFIER = Jolicoeur.CollectSomeMoreTests;
				PRODUCT_NAME = "$(TARGET_NAME)";
				SUPPORTED_PLATFORMS = "iphoneos iphonesimulator";
				SUPPORTS_MACCATALYST = NO;
				SUPPORTS_MAC_DESIGNED_FOR_IPHONE_IPAD = NO;
				SUPPORTS_XR_DESIGNED_FOR_IPHONE_IPAD = NO;
				SWIFT_EMIT_LOC_STRINGS = NO;
				SWIFT_VERSION = 5.0;
				TARGETED_DEVICE_FAMILY = 1;
				TEST_HOST = "$(BUILT_PRODUCTS_DIR)/GamesAndThings.app/$(BUNDLE_EXECUTABLE_FOLDER_PATH)/GamesAndThings";
			};
			name = Debug;
		};
		8DEC3ABA2C13D0C1004D57B7 /* Release */ = {
			isa = XCBuildConfiguration;
			buildSettings = {
				ALWAYS_EMBED_SWIFT_STANDARD_LIBRARIES = YES;
				BUNDLE_LOADER = "$(TEST_HOST)";
				CODE_SIGN_STYLE = Automatic;
				CURRENT_PROJECT_VERSION = 1;
				DEVELOPMENT_TEAM = J7D3ZTJ7SH;
				GENERATE_INFOPLIST_FILE = YES;
				IPHONEOS_DEPLOYMENT_TARGET = 17.5;
				MARKETING_VERSION = 1.0;
				PRODUCT_BUNDLE_IDENTIFIER = Jolicoeur.CollectSomeMoreTests;
				PRODUCT_NAME = "$(TARGET_NAME)";
				SUPPORTED_PLATFORMS = "iphoneos iphonesimulator";
				SUPPORTS_MACCATALYST = NO;
				SUPPORTS_MAC_DESIGNED_FOR_IPHONE_IPAD = NO;
				SUPPORTS_XR_DESIGNED_FOR_IPHONE_IPAD = NO;
				SWIFT_EMIT_LOC_STRINGS = NO;
				SWIFT_VERSION = 5.0;
				TARGETED_DEVICE_FAMILY = 1;
				TEST_HOST = "$(BUILT_PRODUCTS_DIR)/GamesAndThings.app/$(BUNDLE_EXECUTABLE_FOLDER_PATH)/GamesAndThings";
			};
			name = Release;
		};
		8DEC3ABC2C13D0C1004D57B7 /* Debug */ = {
			isa = XCBuildConfiguration;
			buildSettings = {
				ALWAYS_EMBED_SWIFT_STANDARD_LIBRARIES = YES;
				CODE_SIGN_STYLE = Automatic;
				CURRENT_PROJECT_VERSION = 1;
				DEVELOPMENT_TEAM = J7D3ZTJ7SH;
				GENERATE_INFOPLIST_FILE = YES;
				MARKETING_VERSION = 1.0;
				PRODUCT_BUNDLE_IDENTIFIER = Jolicoeur.CollectSomeMoreUITests;
				PRODUCT_NAME = "$(TARGET_NAME)";
				SUPPORTED_PLATFORMS = "iphoneos iphonesimulator";
				SUPPORTS_MACCATALYST = NO;
				SUPPORTS_MAC_DESIGNED_FOR_IPHONE_IPAD = NO;
				SUPPORTS_XR_DESIGNED_FOR_IPHONE_IPAD = NO;
				SWIFT_EMIT_LOC_STRINGS = NO;
				SWIFT_VERSION = 5.0;
				TARGETED_DEVICE_FAMILY = 1;
				TEST_TARGET_NAME = CollectSomeMore;
			};
			name = Debug;
		};
		8DEC3ABD2C13D0C1004D57B7 /* Release */ = {
			isa = XCBuildConfiguration;
			buildSettings = {
				ALWAYS_EMBED_SWIFT_STANDARD_LIBRARIES = YES;
				CODE_SIGN_STYLE = Automatic;
				CURRENT_PROJECT_VERSION = 1;
				DEVELOPMENT_TEAM = J7D3ZTJ7SH;
				GENERATE_INFOPLIST_FILE = YES;
				MARKETING_VERSION = 1.0;
				PRODUCT_BUNDLE_IDENTIFIER = Jolicoeur.CollectSomeMoreUITests;
				PRODUCT_NAME = "$(TARGET_NAME)";
				SUPPORTED_PLATFORMS = "iphoneos iphonesimulator";
				SUPPORTS_MACCATALYST = NO;
				SUPPORTS_MAC_DESIGNED_FOR_IPHONE_IPAD = NO;
				SUPPORTS_XR_DESIGNED_FOR_IPHONE_IPAD = NO;
				SWIFT_EMIT_LOC_STRINGS = NO;
				SWIFT_VERSION = 5.0;
				TARGETED_DEVICE_FAMILY = 1;
				TEST_TARGET_NAME = CollectSomeMore;
			};
			name = Release;
		};
/* End XCBuildConfiguration section */

/* Begin XCConfigurationList section */
		8DEC3A8A2C13D0C0004D57B7 /* Build configuration list for PBXProject "GamesAndThings" */ = {
			isa = XCConfigurationList;
			buildConfigurations = (
				8DEC3AB32C13D0C1004D57B7 /* Debug */,
				8DEC3AB42C13D0C1004D57B7 /* Release */,
			);
			defaultConfigurationIsVisible = 0;
			defaultConfigurationName = Release;
		};
		8DEC3AB52C13D0C1004D57B7 /* Build configuration list for PBXNativeTarget "GamesAndThings" */ = {
			isa = XCConfigurationList;
			buildConfigurations = (
				8DEC3AB62C13D0C1004D57B7 /* Debug */,
				8DEC3AB72C13D0C1004D57B7 /* Release */,
			);
			defaultConfigurationIsVisible = 0;
			defaultConfigurationName = Release;
		};
		8DEC3AB82C13D0C1004D57B7 /* Build configuration list for PBXNativeTarget "GamesAndThingsTests" */ = {
			isa = XCConfigurationList;
			buildConfigurations = (
				8DEC3AB92C13D0C1004D57B7 /* Debug */,
				8DEC3ABA2C13D0C1004D57B7 /* Release */,
			);
			defaultConfigurationIsVisible = 0;
			defaultConfigurationName = Release;
		};
		8DEC3ABB2C13D0C1004D57B7 /* Build configuration list for PBXNativeTarget "GamesAndThingsUITests" */ = {
			isa = XCConfigurationList;
			buildConfigurations = (
				8DEC3ABC2C13D0C1004D57B7 /* Debug */,
				8DEC3ABD2C13D0C1004D57B7 /* Release */,
			);
			defaultConfigurationIsVisible = 0;
			defaultConfigurationName = Release;
		};
/* End XCConfigurationList section */
	};
	rootObject = 8DEC3A872C13D0C0004D57B7 /* Project object */;
}
