// !$*UTF8*$!
{
	archiveVersion = 1;
	classes = {
	};
	objectVersion = 77;
	objects = {

/* Begin PBXBuildFile section */
		8DEC3A932C13D0C0004D57B7 /* CollectSomeMoreApp.swift in Sources */ = {isa = PBXBuildFile; fileRef = 8DEC3A922C13D0C0004D57B7 /* CollectSomeMoreApp.swift */; };
		8DEC3A952C13D0C0004D57B7 /* ContentView.swift in Sources */ = {isa = PBXBuildFile; fileRef = 8DEC3A942C13D0C0004D57B7 /* ContentView.swift */; };
		8DEC3A992C13D0C1004D57B7 /* Assets.xcassets in Resources */ = {isa = PBXBuildFile; fileRef = 8DEC3A982C13D0C1004D57B7 /* Assets.xcassets */; };
		8DEC3A9C2C13D0C1004D57B7 /* Preview Assets.xcassets in Resources */ = {isa = PBXBuildFile; fileRef = 8DEC3A9B2C13D0C1004D57B7 /* Preview Assets.xcassets */; };
		8DEC3AA62C13D0C1004D57B7 /* CollectSomeMoreTests.swift in Sources */ = {isa = PBXBuildFile; fileRef = 8DEC3AA52C13D0C1004D57B7 /* CollectSomeMoreTests.swift */; };
		8DEC3AB02C13D0C1004D57B7 /* CollectSomeMoreUITests.swift in Sources */ = {isa = PBXBuildFile; fileRef = 8DEC3AAF2C13D0C1004D57B7 /* CollectSomeMoreUITests.swift */; };
		8DEC3AB22C13D0C1004D57B7 /* CollectSomeMoreUITestsLaunchTests.swift in Sources */ = {isa = PBXBuildFile; fileRef = 8DEC3AB12C13D0C1004D57B7 /* CollectSomeMoreUITestsLaunchTests.swift */; };
		8DEC3AC12C13EE03004D57B7 /* MovieDetail.swift in Sources */ = {isa = PBXBuildFile; fileRef = 8DEC3AC02C13EE03004D57B7 /* MovieDetail.swift */; };
		A004CE472C7F6ACF005BCEFD /* LaunchScreen.storyboard in Resources */ = {isa = PBXBuildFile; fileRef = A004CE462C7F6ACF005BCEFD /* LaunchScreen.storyboard */; };
		A00929A02D9C251F007503C1 /* AddCollectionView.swift in Sources */ = {isa = PBXBuildFile; fileRef = A009299F2D9C251C007503C1 /* AddCollectionView.swift */; };
		A048FFB72D95D0DB00A5791F /* CoreData.framework in Frameworks */ = {isa = PBXBuildFile; fileRef = A048FFB62D95D0DB00A5791F /* CoreData.framework */; };
		A05E6E6E2CB5C41E00D1A491 /* HomeView.swift in Sources */ = {isa = PBXBuildFile; fileRef = A05E6E6D2CB5C41E00D1A491 /* HomeView.swift */; };
		A05E6E702CB5C74000D1A491 /* snippets.md in Resources */ = {isa = PBXBuildFile; fileRef = A05E6E6F2CB5C74000D1A491 /* snippets.md */; };
		A05E6E722CB5D09000D1A491 /* MovieRowView.swift in Sources */ = {isa = PBXBuildFile; fileRef = A05E6E712CB5D09000D1A491 /* MovieRowView.swift */; };
		A062174C2D4EF96C0000AFF8 /* MovieExport.swift in Sources */ = {isa = PBXBuildFile; fileRef = A062174B2D4EF9690000AFF8 /* MovieExport.swift */; };
		A0645EF52D8CB22D0069C805 /* MovieCollection.swift in Sources */ = {isa = PBXBuildFile; fileRef = A0645EF42D8CB2290069C805 /* MovieCollection.swift */; };
		A06FA7A52DE7AB4E0081738D /* MovieChip.swift in Sources */ = {isa = PBXBuildFile; fileRef = A06FA7A42DE7AB4E0081738D /* MovieChip.swift */; };
		A0706DD62CB571120094774B /* Search.swift in Sources */ = {isa = PBXBuildFile; fileRef = A0706DD52CB571120094774B /* Search.swift */; };
		A0706DD82CB574220094774B /* MovieList.swift in Sources */ = {isa = PBXBuildFile; fileRef = A0706DD72CB574220094774B /* MovieList.swift */; };
		A08319402D94C76B00B6D7BE /* GameCollection.swift in Sources */ = {isa = PBXBuildFile; fileRef = A083193F2D94C76700B6D7BE /* GameCollection.swift */; };
		A0F397A12E6F4BF6007EE5B5 /* Comics.swift in Sources */ = {isa = PBXBuildFile; fileRef = A0F397A02E6F4BF6007EE5B5 /* Comics.swift */; };
/* End PBXBuildFile section */

/* Begin PBXContainerItemProxy section */
		8DEC3AA22C13D0C1004D57B7 /* PBXContainerItemProxy */ = {
			isa = PBXContainerItemProxy;
			containerPortal = 8DEC3A872C13D0C0004D57B7 /* Project object */;
			proxyType = 1;
			remoteGlobalIDString = 8DEC3A8E2C13D0C0004D57B7;
			remoteInfo = CollectSomeMore;
		};
		8DEC3AAC2C13D0C1004D57B7 /* PBXContainerItemProxy */ = {
			isa = PBXContainerItemProxy;
			containerPortal = 8DEC3A872C13D0C0004D57B7 /* Project object */;
			proxyType = 1;
			remoteGlobalIDString = 8DEC3A8E2C13D0C0004D57B7;
			remoteInfo = CollectSomeMore;
		};
/* End PBXContainerItemProxy section */

/* Begin PBXFileReference section */
		8DEC3A8F2C13D0C0004D57B7 /* GamesAndThings.app */ = {isa = PBXFileReference; explicitFileType = wrapper.application; includeInIndex = 0; path = GamesAndThings.app; sourceTree = BUILT_PRODUCTS_DIR; };
		8DEC3A922C13D0C0004D57B7 /* CollectSomeMoreApp.swift */ = {isa = PBXFileReference; lastKnownFileType = sourcecode.swift; path = CollectSomeMoreApp.swift; sourceTree = "<group>"; };
		8DEC3A942C13D0C0004D57B7 /* ContentView.swift */ = {isa = PBXFileReference; lastKnownFileType = sourcecode.swift; path = ContentView.swift; sourceTree = "<group>"; };
		8DEC3A982C13D0C1004D57B7 /* Assets.xcassets */ = {isa = PBXFileReference; lastKnownFileType = folder.assetcatalog; path = Assets.xcassets; sourceTree = "<group>"; };
		8DEC3A9B2C13D0C1004D57B7 /* Preview Assets.xcassets */ = {isa = PBXFileReference; lastKnownFileType = folder.assetcatalog; path = "Preview Assets.xcassets"; sourceTree = "<group>"; };
		8DEC3AA12C13D0C1004D57B7 /* GamesAndThingsTests.xctest */ = {isa = PBXFileReference; explicitFileType = wrapper.cfbundle; includeInIndex = 0; path = GamesAndThingsTests.xctest; sourceTree = BUILT_PRODUCTS_DIR; };
		8DEC3AA52C13D0C1004D57B7 /* CollectSomeMoreTests.swift */ = {isa = PBXFileReference; lastKnownFileType = sourcecode.swift; path = CollectSomeMoreTests.swift; sourceTree = "<group>"; };
		8DEC3AAB2C13D0C1004D57B7 /* GamesAndThingsUITests.xctest */ = {isa = PBXFileReference; explicitFileType = wrapper.cfbundle; includeInIndex = 0; path = GamesAndThingsUITests.xctest; sourceTree = BUILT_PRODUCTS_DIR; };
		8DEC3AAF2C13D0C1004D57B7 /* CollectSomeMoreUITests.swift */ = {isa = PBXFileReference; lastKnownFileType = sourcecode.swift; path = CollectSomeMoreUITests.swift; sourceTree = "<group>"; };
		8DEC3AB12C13D0C1004D57B7 /* CollectSomeMoreUITestsLaunchTests.swift */ = {isa = PBXFileReference; lastKnownFileType = sourcecode.swift; path = CollectSomeMoreUITestsLaunchTests.swift; sourceTree = "<group>"; };
		8DEC3AC02C13EE03004D57B7 /* MovieDetail.swift */ = {isa = PBXFileReference; lastKnownFileType = sourcecode.swift; path = MovieDetail.swift; sourceTree = "<group>"; };
		A004CE462C7F6ACF005BCEFD /* LaunchScreen.storyboard */ = {isa = PBXFileReference; lastKnownFileType = file.storyboard; path = LaunchScreen.storyboard; sourceTree = "<group>"; };
		A009299F2D9C251C007503C1 /* AddCollectionView.swift */ = {isa = PBXFileReference; lastKnownFileType = sourcecode.swift; path = AddCollectionView.swift; sourceTree = "<group>"; };
		A00F460F2D95CD6A0045461D /* GamesAndThings.xctestplan */ = {isa = PBXFileReference; lastKnownFileType = text; path = GamesAndThings.xctestplan; sourceTree = "<group>"; };
		A048FFB62D95D0DB00A5791F /* CoreData.framework */ = {isa = PBXFileReference; lastKnownFileType = wrapper.framework; name = CoreData.framework; path = System/Library/Frameworks/CoreData.framework; sourceTree = SDKROOT; };
		A05E6E6D2CB5C41E00D1A491 /* HomeView.swift */ = {isa = PBXFileReference; lastKnownFileType = sourcecode.swift; path = HomeView.swift; sourceTree = "<group>"; };
		A05E6E6F2CB5C74000D1A491 /* snippets.md */ = {isa = PBXFileReference; lastKnownFileType = net.daringfireball.markdown; path = snippets.md; sourceTree = "<group>"; };
		A05E6E712CB5D09000D1A491 /* MovieRowView.swift */ = {isa = PBXFileReference; lastKnownFileType = sourcecode.swift; path = MovieRowView.swift; sourceTree = "<group>"; };
		A062174B2D4EF9690000AFF8 /* MovieExport.swift */ = {isa = PBXFileReference; lastKnownFileType = sourcecode.swift; path = MovieExport.swift; sourceTree = "<group>"; };
		A0645EF42D8CB2290069C805 /* MovieCollection.swift */ = {isa = PBXFileReference; lastKnownFileType = sourcecode.swift; path = MovieCollection.swift; sourceTree = "<group>"; };
		A06FA7A42DE7AB4E0081738D /* MovieChip.swift */ = {isa = PBXFileReference; lastKnownFileType = sourcecode.swift; path = MovieChip.swift; sourceTree = "<group>"; };
		A0706DD22CB19F2D0094774B /* Info.plist */ = {isa = PBXFileReference; lastKnownFileType = text.plist.xml; path = Info.plist; sourceTree = "<group>"; };
		A0706DD52CB571120094774B /* Search.swift */ = {isa = PBXFileReference; lastKnownFileType = sourcecode.swift; path = Search.swift; sourceTree = "<group>"; };
		A0706DD72CB574220094774B /* MovieList.swift */ = {isa = PBXFileReference; lastKnownFileType = sourcecode.swift; path = MovieList.swift; sourceTree = "<group>"; };
		A083193F2D94C76700B6D7BE /* GameCollection.swift */ = {isa = PBXFileReference; lastKnownFileType = sourcecode.swift; path = GameCollection.swift; sourceTree = "<group>"; };
		A0DC838A2D97744E00DB8664 /* CollectSomeMore.entitlements */ = {isa = PBXFileReference; lastKnownFileType = text.plist.entitlements; path = CollectSomeMore.entitlements; sourceTree = "<group>"; };
		A0F397A02E6F4BF6007EE5B5 /* Comics.swift */ = {isa = PBXFileReference; lastKnownFileType = sourcecode.swift; path = Comics.swift; sourceTree = "<group>"; };
/* End PBXFileReference section */

/* Begin PBXFileSystemSynchronizedRootGroup section */
		A011B8492D91BCB6006252BB /* FAQ */ = {
			isa = PBXFileSystemSynchronizedRootGroup;
			path = FAQ;
			sourceTree = "<group>";
		};
		A02931A42DB9C4FA0041AD77 /* Settings */ = {
			isa = PBXFileSystemSynchronizedRootGroup;
			path = Settings;
			sourceTree = "<group>";
		};
		A07B134B2DF35FF800E7E158 /* Constants */ = {
			isa = PBXFileSystemSynchronizedRootGroup;
			path = Constants;
			sourceTree = "<group>";
		};
		A08319412D94C7B600B6D7BE /* Game */ = {
			isa = PBXFileSystemSynchronizedRootGroup;
			path = Game;
			sourceTree = "<group>";
		};
		A0DF04AE2D8DAEA200EE32D1 /* Fonts */ = {
			isa = PBXFileSystemSynchronizedRootGroup;
			path = Fonts;
			sourceTree = "<group>";
		};
		A0DF04D32D8DE07000EE32D1 /* Utility */ = {
			isa = PBXFileSystemSynchronizedRootGroup;
			path = Utility;
			sourceTree = "<group>";
		};
		A0F397A62E6F4D54007EE5B5 /* Comics */ = {
			isa = PBXFileSystemSynchronizedRootGroup;
			path = Comics;
			sourceTree = "<group>";
		};
/* End PBXFileSystemSynchronizedRootGroup section */

/* Begin PBXFrameworksBuildPhase section */
		8DEC3A8C2C13D0C0004D57B7 /* Frameworks */ = {
			isa = PBXFrameworksBuildPhase;
			buildActionMask = 2147483647;
			files = (
				A048FFB72D95D0DB00A5791F /* CoreData.framework in Frameworks */,
			);
			runOnlyForDeploymentPostprocessing = 0;
		};
		8DEC3A9E2C13D0C1004D57B7 /* Frameworks */ = {
			isa = PBXFrameworksBuildPhase;
			buildActionMask = 2147483647;
			files = (
			);
			runOnlyForDeploymentPostprocessing = 0;
		};
		8DEC3AA82C13D0C1004D57B7 /* Frameworks */ = {
			isa = PBXFrameworksBuildPhase;
			buildActionMask = 2147483647;
			files = (
			);
			runOnlyForDeploymentPostprocessing = 0;
		};
/* End PBXFrameworksBuildPhase section */

/* Begin PBXGroup section */
		8DEC3A862C13D0C0004D57B7 = {
			isa = PBXGroup;
			children = (
				A00F460F2D95CD6A0045461D /* GamesAndThings.xctestplan */,
				A0706DD22CB19F2D0094774B /* Info.plist */,
				8DEC3A912C13D0C0004D57B7 /* CollectSomeMore */,
				8DEC3AA42C13D0C1004D57B7 /* CollectSomeMoreTests */,
				8DEC3AAE2C13D0C1004D57B7 /* CollectSomeMoreUITests */,
				A048FFB52D95D0DB00A5791F /* Frameworks */,
				8DEC3A902C13D0C0004D57B7 /* Products */,
			);
			sourceTree = "<group>";
		};
		8DEC3A902C13D0C0004D57B7 /* Products */ = {
			isa = PBXGroup;
			children = (
				8DEC3A8F2C13D0C0004D57B7 /* GamesAndThings.app */,
				8DEC3AA12C13D0C1004D57B7 /* GamesAndThingsTests.xctest */,
				8DEC3AAB2C13D0C1004D57B7 /* GamesAndThingsUITests.xctest */,
			);
			name = Products;
			sourceTree = "<group>";
		};
		8DEC3A912C13D0C0004D57B7 /* CollectSomeMore */ = {
			isa = PBXGroup;
			children = (
				A0F397A62E6F4D54007EE5B5 /* Comics */,
				A07B134B2DF35FF800E7E158 /* Constants */,
				A0DF04AE2D8DAEA200EE32D1 /* Fonts */,
				A0DF04D32D8DE07000EE32D1 /* Utility */,
				A02931A42DB9C4FA0041AD77 /* Settings */,
				A08319412D94C7B600B6D7BE /* Game */,
				A02A69972CD149A20086D677 /* Movie */,
				A009299F2D9C251C007503C1 /* AddCollectionView.swift */,
				A0DC838A2D97744E00DB8664 /* CollectSomeMore.entitlements */,
				A083193F2D94C76700B6D7BE /* GameCollection.swift */,
				A0645EF42D8CB2290069C805 /* MovieCollection.swift */,
				A011B8492D91BCB6006252BB /* FAQ */,
				8DEC3A922C13D0C0004D57B7 /* CollectSomeMoreApp.swift */,
				A05E6E6D2CB5C41E00D1A491 /* HomeView.swift */,
				8DEC3A942C13D0C0004D57B7 /* ContentView.swift */,
				A05E6E6F2CB5C74000D1A491 /* snippets.md */,
				A0706DD52CB571120094774B /* Search.swift */,
				A004CE462C7F6ACF005BCEFD /* LaunchScreen.storyboard */,
				8DEC3A982C13D0C1004D57B7 /* Assets.xcassets */,
				8DEC3A9A2C13D0C1004D57B7 /* Preview Content */,
				A0F397A02E6F4BF6007EE5B5 /* Comics.swift */,
			);
			path = CollectSomeMore;
			sourceTree = "<group>";
		};
		8DEC3A9A2C13D0C1004D57B7 /* Preview Content */ = {
			isa = PBXGroup;
			children = (
				8DEC3A9B2C13D0C1004D57B7 /* Preview Assets.xcassets */,
			);
			path = "Preview Content";
			sourceTree = "<group>";
		};
		8DEC3AA42C13D0C1004D57B7 /* CollectSomeMoreTests */ = {
			isa = PBXGroup;
			children = (
				8DEC3AA52C13D0C1004D57B7 /* CollectSomeMoreTests.swift */,
			);
			path = CollectSomeMoreTests;
			sourceTree = "<group>";
		};
		8DEC3AAE2C13D0C1004D57B7 /* CollectSomeMoreUITests */ = {
			isa = PBXGroup;
			children = (
				8DEC3AAF2C13D0C1004D57B7 /* CollectSomeMoreUITests.swift */,
				8DEC3AB12C13D0C1004D57B7 /* CollectSomeMoreUITestsLaunchTests.swift */,
			);
			path = CollectSomeMoreUITests;
			sourceTree = "<group>";
		};
		A02A69972CD149A20086D677 /* Movie */ = {
			isa = PBXGroup;
			children = (
				A06FA7A42DE7AB4E0081738D /* MovieChip.swift */,
				A062174B2D4EF9690000AFF8 /* MovieExport.swift */,
				A0706DD72CB574220094774B /* MovieList.swift */,
				A05E6E712CB5D09000D1A491 /* MovieRowView.swift */,
				8DEC3AC02C13EE03004D57B7 /* MovieDetail.swift */,
			);
			path = Movie;
			sourceTree = "<group>";
		};
		A048FFB52D95D0DB00A5791F /* Frameworks */ = {
			isa = PBXGroup;
			children = (
				A048FFB62D95D0DB00A5791F /* CoreData.framework */,
			);
			name = Frameworks;
			sourceTree = "<group>";
		};
/* End PBXGroup section */

/* Begin PBXNativeTarget section */
		8DEC3A8E2C13D0C0004D57B7 /* GamesAndThings */ = {
			isa = PBXNativeTarget;
			buildConfigurationList = 8DEC3AB52C13D0C1004D57B7 /* Build configuration list for PBXNativeTarget "GamesAndThings" */;
			buildPhases = (
				8DEC3A8B2C13D0C0004D57B7 /* Sources */,
				8DEC3A8C2C13D0C0004D57B7 /* Frameworks */,
				8DEC3A8D2C13D0C0004D57B7 /* Resources */,
			);
			buildRules = (
			);
			dependencies = (
			);
			fileSystemSynchronizedGroups = (
				A011B8492D91BCB6006252BB /* FAQ */,
				A02931A42DB9C4FA0041AD77 /* Settings */,
				A07B134B2DF35FF800E7E158 /* Constants */,
				A08319412D94C7B600B6D7BE /* Game */,
				A0DF04AE2D8DAEA200EE32D1 /* Fonts */,
				A0DF04D32D8DE07000EE32D1 /* Utility */,
				A0F397A62E6F4D54007EE5B5 /* Comics */,
			);
			name = GamesAndThings;
			productName = CollectSomeMore;
			productReference = 8DEC3A8F2C13D0C0004D57B7 /* GamesAndThings.app */;
			productType = "com.apple.product-type.application";
		};
		8DEC3AA02C13D0C1004D57B7 /* GamesAndThingsTests */ = {
			isa = PBXNativeTarget;
			buildConfigurationList = 8DEC3AB82C13D0C1004D57B7 /* Build configuration list for PBXNativeTarget "GamesAndThingsTests" */;
			buildPhases = (
				8DEC3A9D2C13D0C1004D57B7 /* Sources */,
				8DEC3A9E2C13D0C1004D57B7 /* Frameworks */,
				8DEC3A9F2C13D0C1004D57B7 /* Resources */,
			);
			buildRules = (
			);
			dependencies = (
				8DEC3AA32C13D0C1004D57B7 /* PBXTargetDependency */,
			);
			name = GamesAndThingsTests;
			productName = CollectSomeMoreTests;
			productReference = 8DEC3AA12C13D0C1004D57B7 /* GamesAndThingsTests.xctest */;
			productType = "com.apple.product-type.bundle.unit-test";
		};
		8DEC3AAA2C13D0C1004D57B7 /* GamesAndThingsUITests */ = {
			isa = PBXNativeTarget;
			buildConfigurationList = 8DEC3ABB2C13D0C1004D57B7 /* Build configuration list for PBXNativeTarget "GamesAndThingsUITests" */;
			buildPhases = (
				8DEC3AA72C13D0C1004D57B7 /* Sources */,
				8DEC3AA82C13D0C1004D57B7 /* Frameworks */,
				8DEC3AA92C13D0C1004D57B7 /* Resources */,
			);
			buildRules = (
			);
			dependencies = (
				8DEC3AAD2C13D0C1004D57B7 /* PBXTargetDependency */,
			);
			name = GamesAndThingsUITests;
			productName = CollectSomeMoreUITests;
			productReference = 8DEC3AAB2C13D0C1004D57B7 /* GamesAndThingsUITests.xctest */;
			productType = "com.apple.product-type.bundle.ui-testing";
		};
/* End PBXNativeTarget section */

/* Begin PBXProject section */
		8DEC3A872C13D0C0004D57B7 /* Project object */ = {
			isa = PBXProject;
			attributes = {
				BuildIndependentTargetsInParallel = 1;
				KnownAssetTags = (
					networkIcon,
				);
				LastSwiftUpdateCheck = 1540;
				LastUpgradeCheck = 1630;
				ORGANIZATIONNAME = AdamJolicoeur;
				TargetAttributes = {
					8DEC3A8E2C13D0C0004D57B7 = {
						CreatedOnToolsVersion = 15.4;
					};
					8DEC3AA02C13D0C1004D57B7 = {
						CreatedOnToolsVersion = 15.4;
						TestTargetID = 8DEC3A8E2C13D0C0004D57B7;
					};
					8DEC3AAA2C13D0C1004D57B7 = {
						CreatedOnToolsVersion = 15.4;
						TestTargetID = 8DEC3A8E2C13D0C0004D57B7;
					};
				};
			};
			buildConfigurationList = 8DEC3A8A2C13D0C0004D57B7 /* Build configuration list for PBXProject "GamesAndThings" */;
			developmentRegion = en;
			hasScannedForEncodings = 0;
			knownRegions = (
				en,
				Base,
			);
			mainGroup = 8DEC3A862C13D0C0004D57B7;
			preferredProjectObjectVersion = 77;
			productRefGroup = 8DEC3A902C13D0C0004D57B7 /* Products */;
			projectDirPath = "";
			projectRoot = "";
			targets = (
				8DEC3A8E2C13D0C0004D57B7 /* GamesAndThings */,
				8DEC3AA02C13D0C1004D57B7 /* GamesAndThingsTests */,
				8DEC3AAA2C13D0C1004D57B7 /* GamesAndThingsUITests */,
			);
		};
/* End PBXProject section */

/* Begin PBXResourcesBuildPhase section */
		8DEC3A8D2C13D0C0004D57B7 /* Resources */ = {
			isa = PBXResourcesBuildPhase;
			buildActionMask = 2147483647;
			files = (
				A05E6E702CB5C74000D1A491 /* snippets.md in Resources */,
				A004CE472C7F6ACF005BCEFD /* LaunchScreen.storyboard in Resources */,
				8DEC3A9C2C13D0C1004D57B7 /* Preview Assets.xcassets in Resources */,
				8DEC3A992C13D0C1004D57B7 /* Assets.xcassets in Resources */,
			);
			runOnlyForDeploymentPostprocessing = 0;
		};
		8DEC3A9F2C13D0C1004D57B7 /* Resources */ = {
			isa = PBXResourcesBuildPhase;
			buildActionMask = 2147483647;
			files = (
			);
			runOnlyForDeploymentPostprocessing = 0;
		};
		8DEC3AA92C13D0C1004D57B7 /* Resources */ = {
			isa = PBXResourcesBuildPhase;
			buildActionMask = 2147483647;
			files = (
			);
			runOnlyForDeploymentPostprocessing = 0;
		};
/* End PBXResourcesBuildPhase section */

/* Begin PBXSourcesBuildPhase section */
		8DEC3A8B2C13D0C0004D57B7 /* Sources */ = {
			isa = PBXSourcesBuildPhase;
			buildActionMask = 2147483647;
			files = (
				A0F397A12E6F4BF6007EE5B5 /* Comics.swift in Sources */,
				8DEC3A932C13D0C0004D57B7 /* CollectSomeMoreApp.swift in Sources */,
				A0645EF52D8CB22D0069C805 /* MovieCollection.swift in Sources */,
				A00929A02D9C251F007503C1 /* AddCollectionView.swift in Sources */,
				A06FA7A52DE7AB4E0081738D /* MovieChip.swift in Sources */,
				A08319402D94C76B00B6D7BE /* GameCollection.swift in Sources */,
				8DEC3A952C13D0C0004D57B7 /* ContentView.swift in Sources */,
				A05E6E6E2CB5C41E00D1A491 /* HomeView.swift in Sources */,
				A0706DD82CB574220094774B /* MovieList.swift in Sources */,
				A05E6E722CB5D09000D1A491 /* MovieRowView.swift in Sources */,
				8DEC3AC12C13EE03004D57B7 /* MovieDetail.swift in Sources */,
				A062174C2D4EF96C0000AFF8 /* MovieExport.swift in Sources */,
				A0706DD62CB571120094774B /* Search.swift in Sources */,
			);
			runOnlyForDeploymentPostprocessing = 0;
		};
		8DEC3A9D2C13D0C1004D57B7 /* Sources */ = {
			isa = PBXSourcesBuildPhase;
			buildActionMask = 2147483647;
			files = (
				8DEC3AA62C13D0C1004D57B7 /* CollectSomeMoreTests.swift in Sources */,
			);
			runOnlyForDeploymentPostprocessing = 0;
		};
		8DEC3AA72C13D0C1004D57B7 /* Sources */ = {
			isa = PBXSourcesBuildPhase;
			buildActionMask = 2147483647;
			files = (
				8DEC3AB22C13D0C1004D57B7 /* CollectSomeMoreUITestsLaunchTests.swift in Sources */,
				8DEC3AB02C13D0C1004D57B7 /* CollectSomeMoreUITests.swift in Sources */,
			);
			runOnlyForDeploymentPostprocessing = 0;
		};
/* End PBXSourcesBuildPhase section */

/* Begin PBXTargetDependency section */
		8DEC3AA32C13D0C1004D57B7 /* PBXTargetDependency */ = {
			isa = PBXTargetDependency;
			target = 8DEC3A8E2C13D0C0004D57B7 /* GamesAndThings */;
			targetProxy = 8DEC3AA22C13D0C1004D57B7 /* PBXContainerItemProxy */;
		};
		8DEC3AAD2C13D0C1004D57B7 /* PBXTargetDependency */ = {
			isa = PBXTargetDependency;
			target = 8DEC3A8E2C13D0C0004D57B7 /* GamesAndThings */;
			targetProxy = 8DEC3AAC2C13D0C1004D57B7 /* PBXContainerItemProxy */;
		};
/* End PBXTargetDependency section */

/* Begin XCBuildConfiguration section */
		8DEC3AB32C13D0C1004D57B7 /* Debug */ = {
			isa = XCBuildConfiguration;
			buildSettings = {
				ALWAYS_SEARCH_USER_PATHS = NO;
				ASSETCATALOG_COMPILER_GENERATE_SWIFT_ASSET_SYMBOL_EXTENSIONS = YES;
				CLANG_ANALYZER_NONNULL = YES;
				CLANG_ANALYZER_NUMBER_OBJECT_CONVERSION = YES_AGGRESSIVE;
				CLANG_CXX_LANGUAGE_STANDARD = "gnu++20";
				CLANG_ENABLE_MODULES = YES;
				CLANG_ENABLE_OBJC_ARC = YES;
				CLANG_ENABLE_OBJC_WEAK = YES;
				CLANG_WARN_BLOCK_CAPTURE_AUTORELEASING = YES;
				CLANG_WARN_BOOL_CONVERSION = YES;
				CLANG_WARN_COMMA = YES;
				CLANG_WARN_CONSTANT_CONVERSION = YES;
				CLANG_WARN_DEPRECATED_OBJC_IMPLEMENTATIONS = YES;
				CLANG_WARN_DIRECT_OBJC_ISA_USAGE = YES_ERROR;
				CLANG_WARN_DOCUMENTATION_COMMENTS = YES;
				CLANG_WARN_EMPTY_BODY = YES;
				CLANG_WARN_ENUM_CONVERSION = YES;
				CLANG_WARN_INFINITE_RECURSION = YES;
				CLANG_WARN_INT_CONVERSION = YES;
				CLANG_WARN_NON_LITERAL_NULL_CONVERSION = YES;
				CLANG_WARN_OBJC_IMPLICIT_RETAIN_SELF = YES;
				CLANG_WARN_OBJC_LITERAL_CONVERSION = YES;
				CLANG_WARN_OBJC_ROOT_CLASS = YES_ERROR;
				CLANG_WARN_QUOTED_INCLUDE_IN_FRAMEWORK_HEADER = YES;
				CLANG_WARN_RANGE_LOOP_ANALYSIS = YES;
				CLANG_WARN_STRICT_PROTOTYPES = YES;
				CLANG_WARN_SUSPICIOUS_MOVE = YES;
				CLANG_WARN_UNGUARDED_AVAILABILITY = YES_AGGRESSIVE;
				CLANG_WARN_UNREACHABLE_CODE = YES;
				CLANG_WARN__DUPLICATE_METHOD_MATCH = YES;
				COPY_PHASE_STRIP = NO;
				DEBUG_INFORMATION_FORMAT = dwarf;
				DEVELOPMENT_TEAM = J7D3ZTJ7SH;
				ENABLE_STRICT_OBJC_MSGSEND = YES;
				ENABLE_TESTABILITY = YES;
				ENABLE_USER_SCRIPT_SANDBOXING = YES;
				GCC_C_LANGUAGE_STANDARD = gnu17;
				GCC_DYNAMIC_NO_PIC = NO;
				GCC_NO_COMMON_BLOCKS = YES;
				GCC_OPTIMIZATION_LEVEL = 0;
				GCC_PREPROCESSOR_DEFINITIONS = (
					"DEBUG=1",
					"$(inherited)",
				);
				GCC_WARN_64_TO_32_BIT_CONVERSION = YES;
				GCC_WARN_ABOUT_RETURN_TYPE = YES_ERROR;
				GCC_WARN_UNDECLARED_SELECTOR = YES;
				GCC_WARN_UNINITIALIZED_AUTOS = YES_AGGRESSIVE;
				GCC_WARN_UNUSED_FUNCTION = YES;
				GCC_WARN_UNUSED_VARIABLE = YES;
				INFOPLIST_KEY_LSApplicationCategoryType = "public.app-category.utilities";
				INFOPLIST_KEY_UIStatusBarStyle = UIStatusBarStyleDefault;
				INFOPLIST_KEY_UISupportedInterfaceOrientations = "";
				INFOPLIST_KEY_UISupportedInterfaceOrientations_iPad = "";
				INFOPLIST_KEY_UIUserInterfaceStyle = Automatic;
				IPHONEOS_DEPLOYMENT_TARGET = 18.0;
				LOCALIZATION_PREFERS_STRING_CATALOGS = YES;
				MTL_ENABLE_DEBUG_INFO = INCLUDE_SOURCE;
				MTL_FAST_MATH = YES;
				ONLY_ACTIVE_ARCH = YES;
				PRODUCT_NAME = "Games And Things";
				SDKROOT = iphoneos;
				SUPPORTS_MACCATALYST = YES;
				SWIFT_ACTIVE_COMPILATION_CONDITIONS = "DEBUG $(inherited)";
				SWIFT_OPTIMIZATION_LEVEL = "-Onone";
				SWIFT_VERSION = 6.0;
			};
			name = Debug;
		};
		8DEC3AB42C13D0C1004D57B7 /* Release */ = {
			isa = XCBuildConfiguration;
			buildSettings = {
				ALWAYS_SEARCH_USER_PATHS = NO;
				ASSETCATALOG_COMPILER_GENERATE_SWIFT_ASSET_SYMBOL_EXTENSIONS = YES;
				CLANG_ANALYZER_NONNULL = YES;
				CLANG_ANALYZER_NUMBER_OBJECT_CONVERSION = YES_AGGRESSIVE;
				CLANG_CXX_LANGUAGE_STANDARD = "gnu++20";
				CLANG_ENABLE_MODULES = YES;
				CLANG_ENABLE_OBJC_ARC = YES;
				CLANG_ENABLE_OBJC_WEAK = YES;
				CLANG_WARN_BLOCK_CAPTURE_AUTORELEASING = YES;
				CLANG_WARN_BOOL_CONVERSION = YES;
				CLANG_WARN_COMMA = YES;
				CLANG_WARN_CONSTANT_CONVERSION = YES;
				CLANG_WARN_DEPRECATED_OBJC_IMPLEMENTATIONS = YES;
				CLANG_WARN_DIRECT_OBJC_ISA_USAGE = YES_ERROR;
				CLANG_WARN_DOCUMENTATION_COMMENTS = YES;
				CLANG_WARN_EMPTY_BODY = YES;
				CLANG_WARN_ENUM_CONVERSION = YES;
				CLANG_WARN_INFINITE_RECURSION = YES;
				CLANG_WARN_INT_CONVERSION = YES;
				CLANG_WARN_NON_LITERAL_NULL_CONVERSION = YES;
				CLANG_WARN_OBJC_IMPLICIT_RETAIN_SELF = YES;
				CLANG_WARN_OBJC_LITERAL_CONVERSION = YES;
				CLANG_WARN_OBJC_ROOT_CLASS = YES_ERROR;
				CLANG_WARN_QUOTED_INCLUDE_IN_FRAMEWORK_HEADER = YES;
				CLANG_WARN_RANGE_LOOP_ANALYSIS = YES;
				CLANG_WARN_STRICT_PROTOTYPES = YES;
				CLANG_WARN_SUSPICIOUS_MOVE = YES;
				CLANG_WARN_UNGUARDED_AVAILABILITY = YES_AGGRESSIVE;
				CLANG_WARN_UNREACHABLE_CODE = YES;
				CLANG_WARN__DUPLICATE_METHOD_MATCH = YES;
				COPY_PHASE_STRIP = NO;
				DEBUG_INFORMATION_FORMAT = "dwarf-with-dsym";
				DEVELOPMENT_TEAM = J7D3ZTJ7SH;
				ENABLE_NS_ASSERTIONS = NO;
				ENABLE_STRICT_OBJC_MSGSEND = YES;
				ENABLE_USER_SCRIPT_SANDBOXING = YES;
				GCC_C_LANGUAGE_STANDARD = gnu17;
				GCC_NO_COMMON_BLOCKS = YES;
				GCC_WARN_64_TO_32_BIT_CONVERSION = YES;
				GCC_WARN_ABOUT_RETURN_TYPE = YES_ERROR;
				GCC_WARN_UNDECLARED_SELECTOR = YES;
				GCC_WARN_UNINITIALIZED_AUTOS = YES_AGGRESSIVE;
				GCC_WARN_UNUSED_FUNCTION = YES;
				GCC_WARN_UNUSED_VARIABLE = YES;
				INFOPLIST_KEY_LSApplicationCategoryType = "public.app-category.utilities";
				INFOPLIST_KEY_UIStatusBarStyle = UIStatusBarStyleDefault;
				INFOPLIST_KEY_UISupportedInterfaceOrientations = "";
				INFOPLIST_KEY_UISupportedInterfaceOrientations_iPad = "";
				INFOPLIST_KEY_UIUserInterfaceStyle = Automatic;
				IPHONEOS_DEPLOYMENT_TARGET = 18.0;
				LOCALIZATION_PREFERS_STRING_CATALOGS = YES;
				MTL_ENABLE_DEBUG_INFO = NO;
				MTL_FAST_MATH = YES;
				PRODUCT_NAME = "Games And Things";
				SDKROOT = iphoneos;
				SUPPORTS_MACCATALYST = YES;
				SWIFT_COMPILATION_MODE = wholemodule;
				SWIFT_VERSION = 6.0;
				VALIDATE_PRODUCT = YES;
			};
			name = Release;
		};
		8DEC3AB62C13D0C1004D57B7 /* Debug */ = {
			isa = XCBuildConfiguration;
			buildSettings = {
				ASSETCATALOG_COMPILER_APPICON_NAME = AppIcon;
				ASSETCATALOG_COMPILER_GLOBAL_ACCENT_COLOR_NAME = AccentColor;
				ASSETCATALOG_COMPILER_INCLUDE_ALL_APPICON_ASSETS = YES;
				CODE_SIGN_ENTITLEMENTS = CollectSomeMore/CollectSomeMore.entitlements;
				CODE_SIGN_STYLE = Automatic;
				CURRENT_PROJECT_VERSION = 41;
				DEVELOPMENT_ASSET_PATHS = "";
				ENABLE_PREVIEWS = YES;
				GENERATE_INFOPLIST_FILE = YES;
				INFOPLIST_FILE = Info.plist;
				INFOPLIST_KEY_CFBundleDisplayName = "Collect Some More";
				"INFOPLIST_KEY_CFBundleDisplayName[sdk=iphoneos*]" = "Collect Some More";
				INFOPLIST_KEY_ITSAppUsesNonExemptEncryption = NO;
				INFOPLIST_KEY_LSApplicationCategoryType = "public.app-category.utilities";
				INFOPLIST_KEY_NSHumanReadableCopyright = "Copyright (c) 2018-2025 Adam Jolicoeur. All rights reserved.";
				INFOPLIST_KEY_UIApplicationSceneManifest_Generation = YES;
				INFOPLIST_KEY_UIApplicationSupportsIndirectInputEvents = YES;
				INFOPLIST_KEY_UILaunchScreen_Generation = YES;
				INFOPLIST_KEY_UILaunchStoryboardName = LaunchScreen.storyboard;
				INFOPLIST_KEY_UIRequiresFullScreen = YES;
				INFOPLIST_KEY_UIStatusBarStyle = UIStatusBarStyleDefault;
				INFOPLIST_KEY_UISupportedInterfaceOrientations = UIInterfaceOrientationPortrait;
				INFOPLIST_KEY_UISupportedInterfaceOrientations_iPad = "UIInterfaceOrientationLandscapeLeft UIInterfaceOrientationLandscapeRight UIInterfaceOrientationPortrait";
				INFOPLIST_KEY_UIUserInterfaceStyle = Light;
				IPHONEOS_DEPLOYMENT_TARGET = 18.0;
				LD_RUNPATH_SEARCH_PATHS = (
					"$(inherited)",
					"@executable_path/Frameworks",
				);
				MARKETING_VERSION = 1.0;
				PRODUCT_BUNDLE_IDENTIFIER = Jolicoeur.CollectSomeMore;
				PRODUCT_NAME = "$(TARGET_NAME)";
				SUPPORTED_PLATFORMS = "iphoneos iphonesimulator";
				SUPPORTS_MACCATALYST = NO;
				SUPPORTS_MAC_DESIGNED_FOR_IPHONE_IPAD = YES;
				SUPPORTS_XR_DESIGNED_FOR_IPHONE_IPAD = NO;
				SWIFT_EMIT_LOC_STRINGS = YES;
				SWIFT_VERSION = 6.0;
				TARGETED_DEVICE_FAMILY = "1,2,6";
			};
			name = Debug;
		};
		8DEC3AB72C13D0C1004D57B7 /* Release */ = {
			isa = XCBuildConfiguration;
			buildSettings = {
				ASSETCATALOG_COMPILER_APPICON_NAME = AppIcon;
				ASSETCATALOG_COMPILER_GLOBAL_ACCENT_COLOR_NAME = AccentColor;
				ASSETCATALOG_COMPILER_INCLUDE_ALL_APPICON_ASSETS = YES;
				CODE_SIGN_ENTITLEMENTS = CollectSomeMore/CollectSomeMore.entitlements;
				CODE_SIGN_STYLE = Automatic;
				CURRENT_PROJECT_VERSION = 41;
				DEVELOPMENT_ASSET_PATHS = "";
				ENABLE_PREVIEWS = YES;
				GENERATE_INFOPLIST_FILE = YES;
				INFOPLIST_FILE = Info.plist;
				INFOPLIST_KEY_CFBundleDisplayName = "Collect Some More";
				"INFOPLIST_KEY_CFBundleDisplayName[sdk=iphoneos*]" = "Collect Some More";
				INFOPLIST_KEY_ITSAppUsesNonExemptEncryption = NO;
				INFOPLIST_KEY_LSApplicationCategoryType = "public.app-category.utilities";
				INFOPLIST_KEY_NSHumanReadableCopyright = "Copyright (c) 2018-2025 Adam Jolicoeur. All rights reserved.";
				INFOPLIST_KEY_UIApplicationSceneManifest_Generation = YES;
				INFOPLIST_KEY_UIApplicationSupportsIndirectInputEvents = YES;
				INFOPLIST_KEY_UILaunchScreen_Generation = YES;
				INFOPLIST_KEY_UILaunchStoryboardName = LaunchScreen.storyboard;
				INFOPLIST_KEY_UIRequiresFullScreen = YES;
				INFOPLIST_KEY_UIStatusBarStyle = UIStatusBarStyleDefault;
				INFOPLIST_KEY_UISupportedInterfaceOrientations = UIInterfaceOrientationPortrait;
				INFOPLIST_KEY_UISupportedInterfaceOrientations_iPad = "UIInterfaceOrientationLandscapeLeft UIInterfaceOrientationLandscapeRight UIInterfaceOrientationPortrait";
				INFOPLIST_KEY_UIUserInterfaceStyle = Light;
				IPHONEOS_DEPLOYMENT_TARGET = 18.0;
				LD_RUNPATH_SEARCH_PATHS = (
					"$(inherited)",
					"@executable_path/Frameworks",
				);
				MARKETING_VERSION = 1.0;
				PRODUCT_BUNDLE_IDENTIFIER = Jolicoeur.CollectSomeMore;
				PRODUCT_NAME = "$(TARGET_NAME)";
				SUPPORTED_PLATFORMS = "iphoneos iphonesimulator";
				SUPPORTS_MACCATALYST = NO;
				SUPPORTS_MAC_DESIGNED_FOR_IPHONE_IPAD = YES;
				SUPPORTS_XR_DESIGNED_FOR_IPHONE_IPAD = NO;
				SWIFT_EMIT_LOC_STRINGS = YES;
				SWIFT_VERSION = 6.0;
				TARGETED_DEVICE_FAMILY = "1,2,6";
			};
			name = Release;
		};
		8DEC3AB92C13D0C1004D57B7 /* Debug */ = {
			isa = XCBuildConfiguration;
			buildSettings = {
				BUNDLE_LOADER = "$(TEST_HOST)";
				CODE_SIGN_STYLE = Automatic;
				CURRENT_PROJECT_VERSION = 1;
				GENERATE_INFOPLIST_FILE = YES;
				IPHONEOS_DEPLOYMENT_TARGET = 18.0;
				MARKETING_VERSION = 1.0;
				PRODUCT_BUNDLE_IDENTIFIER = Jolicoeur.CollectSomeMoreTests;
				PRODUCT_NAME = "$(TARGET_NAME)";
				SUPPORTED_PLATFORMS = "iphoneos iphonesimulator";
				SUPPORTS_MACCATALYST = NO;
				SUPPORTS_MAC_DESIGNED_FOR_IPHONE_IPAD = NO;
				SUPPORTS_XR_DESIGNED_FOR_IPHONE_IPAD = NO;
				SWIFT_EMIT_LOC_STRINGS = NO;
				SWIFT_VERSION = 6.0;
				TARGETED_DEVICE_FAMILY = "1,2";
				TEST_HOST = "$(BUILT_PRODUCTS_DIR)/GamesAndThings.app/$(BUNDLE_EXECUTABLE_FOLDER_PATH)/GamesAndThings";
			};
			name = Debug;
		};
		8DEC3ABA2C13D0C1004D57B7 /* Release */ = {
			isa = XCBuildConfiguration;
			buildSettings = {
				BUNDLE_LOADER = "$(TEST_HOST)";
				CODE_SIGN_STYLE = Automatic;
				CURRENT_PROJECT_VERSION = 1;
				GENERATE_INFOPLIST_FILE = YES;
				IPHONEOS_DEPLOYMENT_TARGET = 18.0;
				MARKETING_VERSION = 1.0;
				PRODUCT_BUNDLE_IDENTIFIER = Jolicoeur.CollectSomeMoreTests;
				PRODUCT_NAME = "$(TARGET_NAME)";
				SUPPORTED_PLATFORMS = "iphoneos iphonesimulator";
				SUPPORTS_MACCATALYST = NO;
				SUPPORTS_MAC_DESIGNED_FOR_IPHONE_IPAD = NO;
				SUPPORTS_XR_DESIGNED_FOR_IPHONE_IPAD = NO;
				SWIFT_EMIT_LOC_STRINGS = NO;
				SWIFT_VERSION = 6.0;
				TARGETED_DEVICE_FAMILY = "1,2";
				TEST_HOST = "$(BUILT_PRODUCTS_DIR)/GamesAndThings.app/$(BUNDLE_EXECUTABLE_FOLDER_PATH)/GamesAndThings";
			};
			name = Release;
		};
		8DEC3ABC2C13D0C1004D57B7 /* Debug */ = {
			isa = XCBuildConfiguration;
			buildSettings = {
				CODE_SIGN_STYLE = Automatic;
				CURRENT_PROJECT_VERSION = 1;
				GENERATE_INFOPLIST_FILE = YES;
				MARKETING_VERSION = 1.0;
				PRODUCT_BUNDLE_IDENTIFIER = Jolicoeur.GamesAndThingsUITests;
				PRODUCT_NAME = "$(TARGET_NAME)";
				SUPPORTED_PLATFORMS = "iphoneos iphonesimulator";
				SUPPORTS_MACCATALYST = NO;
				SUPPORTS_MAC_DESIGNED_FOR_IPHONE_IPAD = NO;
				SUPPORTS_XR_DESIGNED_FOR_IPHONE_IPAD = NO;
				SWIFT_EMIT_LOC_STRINGS = NO;
				SWIFT_VERSION = 6.0;
				TARGETED_DEVICE_FAMILY = "1,2";
				TEST_TARGET_NAME = GamesAndThings;
			};
			name = Debug;
		};
		8DEC3ABD2C13D0C1004D57B7 /* Release */ = {
			isa = XCBuildConfiguration;
			buildSettings = {
				CODE_SIGN_STYLE = Automatic;
				CURRENT_PROJECT_VERSION = 1;
				GENERATE_INFOPLIST_FILE = YES;
				MARKETING_VERSION = 1.0;
				PRODUCT_BUNDLE_IDENTIFIER = Jolicoeur.GamesAndThingsUITests;
				PRODUCT_NAME = "$(TARGET_NAME)";
				SUPPORTED_PLATFORMS = "iphoneos iphonesimulator";
				SUPPORTS_MACCATALYST = NO;
				SUPPORTS_MAC_DESIGNED_FOR_IPHONE_IPAD = NO;
				SUPPORTS_XR_DESIGNED_FOR_IPHONE_IPAD = NO;
				SWIFT_EMIT_LOC_STRINGS = NO;
				SWIFT_VERSION = 6.0;
				TARGETED_DEVICE_FAMILY = "1,2";
				TEST_TARGET_NAME = GamesAndThings;
			};
			name = Release;
		};
/* End XCBuildConfiguration section */

/* Begin XCConfigurationList section */
		8DEC3A8A2C13D0C0004D57B7 /* Build configuration list for PBXProject "GamesAndThings" */ = {
			isa = XCConfigurationList;
			buildConfigurations = (
				8DEC3AB32C13D0C1004D57B7 /* Debug */,
				8DEC3AB42C13D0C1004D57B7 /* Release */,
			);
			defaultConfigurationIsVisible = 0;
			defaultConfigurationName = Release;
		};
		8DEC3AB52C13D0C1004D57B7 /* Build configuration list for PBXNativeTarget "GamesAndThings" */ = {
			isa = XCConfigurationList;
			buildConfigurations = (
				8DEC3AB62C13D0C1004D57B7 /* Debug */,
				8DEC3AB72C13D0C1004D57B7 /* Release */,
			);
			defaultConfigurationIsVisible = 0;
			defaultConfigurationName = Release;
		};
		8DEC3AB82C13D0C1004D57B7 /* Build configuration list for PBXNativeTarget "GamesAndThingsTests" */ = {
			isa = XCConfigurationList;
			buildConfigurations = (
				8DEC3AB92C13D0C1004D57B7 /* Debug */,
				8DEC3ABA2C13D0C1004D57B7 /* Release */,
			);
			defaultConfigurationIsVisible = 0;
			defaultConfigurationName = Release;
		};
		8DEC3ABB2C13D0C1004D57B7 /* Build configuration list for PBXNativeTarget "GamesAndThingsUITests" */ = {
			isa = XCConfigurationList;
			buildConfigurations = (
				8DEC3ABC2C13D0C1004D57B7 /* Debug */,
				8DEC3ABD2C13D0C1004D57B7 /* Release */,
			);
			defaultConfigurationIsVisible = 0;
			defaultConfigurationName = Release;
		};
/* End XCConfigurationList section */
	};
	rootObject = 8DEC3A872C13D0C0004D57B7 /* Project object */;
}
